
Microsoft Visual Studio Solution File, Format Version 12.00
# Visual Studio 15
VisualStudioVersion = 15.0.27703.2035
MinimumVisualStudioVersion = 10.0.40219.1
Project("{FAE04EC0-301F-11D3-BF4B-00C04F79EFBC}") = "AppMultiplicar", "AppMultiplicar\AppMultiplicar.csproj", "{EEC46CFD-92C4-4C01-BF28-7D3CF6CCD262}"
EndProject
Global
	GlobalSection(SolutionConfigurationPlatforms) = preSolution
		Debug|Any CPU = Debug|Any CPU
		Release|Any CPU = Release|Any CPU
	EndGlobalSection
	GlobalSection(ProjectConfigurationPlatforms) = postSolution
		{EEC46CFD-92C4-4C01-BF28-7D3CF6CCD262}.Debug|Any CPU.ActiveCfg = Debug|Any CPU
		{EEC46CFD-92C4-4C01-BF28-7D3CF6CCD262}.Debug|Any CPU.Build.0 = Debug|Any CPU
		{EEC46CFD-92C4-4C01-BF28-7D3CF6CCD262}.Release|Any CPU.ActiveCfg = Release|Any CPU
		{EEC46CFD-92C4-4C01-BF28-7D3CF6CCD262}.Release|Any CPU.Build.0 = Release|Any CPU
	EndGlobalSection
	GlobalSection(SolutionProperties) = preSolution
		HideSolutionNode = FALSE
	EndGlobalSection
	GlobalSection(ExtensibilityGlobals) = postSolution
		SolutionGuid = {D9F7698D-6C56-4AF0-96EA-909F1EFD3C38}
	EndGlobalSection
EndGlobal
